
Microsoft Visual Studio Solution File, Format Version 12.00
# Visual Studio Version 17
VisualStudioVersion = 17.7.34221.43
MinimumVisualStudioVersion = 10.0.40219.1
Project("{9A19103F-16F7-4668-BE54-9A1E7A4F7556}") = "WebApplication1", "WebApplication1.csproj", "{880BA48D-CC11-4DE3-B0B3-F080B9981574}"
EndProject
Global
	GlobalSection(SolutionConfigurationPlatforms) = preSolution
		Debug|Any CPU = Debug|Any CPU
		Release|Any CPU = Release|Any CPU
	EndGlobalSection
	GlobalSection(ProjectConfigurationPlatforms) = postSolution
		{880BA48D-CC11-4DE3-B0B3-F080B9981574}.Debug|Any CPU.ActiveCfg = Debug|Any CPU
		{880BA48D-CC11-4DE3-B0B3-F080B9981574}.Debug|Any CPU.Build.0 = Debug|Any CPU
		{880BA48D-CC11-4DE3-B0B3-F080B9981574}.Release|Any CPU.ActiveCfg = Release|Any CPU
		{880BA48D-CC11-4DE3-B0B3-F080B9981574}.Release|Any CPU.Build.0 = Release|Any CPU
	EndGlobalSection
	GlobalSection(SolutionProperties) = preSolution
		HideSolutionNode = FALSE
	EndGlobalSection
	GlobalSection(ExtensibilityGlobals) = postSolution
		SolutionGuid = {A23E1E9C-E25B-41F6-8672-D2439C2354C1}
	EndGlobalSection
EndGlobal
